
Microsoft Visual Studio Solution File, Format Version 12.00
# Visual Studio Version 17
VisualStudioVersion = 17.7.34031.279
MinimumVisualStudioVersion = 10.0.40219.1
Project("{FAE04EC0-301F-11D3-BF4B-00C04F79EFBC}") = "Student data", "Student data\Student data.csproj", "{77AFA5F8-FFA1-4F19-9CAF-70AAC4FE2BA6}"
EndProject
Global
	GlobalSection(SolutionConfigurationPlatforms) = preSolution
		Debug|Any CPU = Debug|Any CPU
		Release|Any CPU = Release|Any CPU
	EndGlobalSection
	GlobalSection(ProjectConfigurationPlatforms) = postSolution
		{77AFA5F8-FFA1-4F19-9CAF-70AAC4FE2BA6}.Debug|Any CPU.ActiveCfg = Debug|Any CPU
		{77AFA5F8-FFA1-4F19-9CAF-70AAC4FE2BA6}.Debug|Any CPU.Build.0 = Debug|Any CPU
		{77AFA5F8-FFA1-4F19-9CAF-70AAC4FE2BA6}.Release|Any CPU.ActiveCfg = Release|Any CPU
		{77AFA5F8-FFA1-4F19-9CAF-70AAC4FE2BA6}.Release|Any CPU.Build.0 = Release|Any CPU
	EndGlobalSection
	GlobalSection(SolutionProperties) = preSolution
		HideSolutionNode = FALSE
	EndGlobalSection
	GlobalSection(ExtensibilityGlobals) = postSolution
		SolutionGuid = {51BA6366-8A90-4913-8EE1-5304832B5D1B}
	EndGlobalSection
EndGlobal
